
Microsoft Visual Studio Solution File, Format Version 11.00
# Visual Studio 2010
Project("{FAE04EC0-301F-11D3-BF4B-00C04F79EFBC}") = "Assembly-CSharp", "Assembly-CSharp.csproj", "{933856AD-ADB4-EBCC-CAC7-AA21E64ACD7D}"
EndProject
Project("{FAE04EC0-301F-11D3-BF4B-00C04F79EFBC}") = "Assembly-CSharp-Editor", "Assembly-CSharp-Editor.csproj", "{D2542335-797D-9C94-47C1-11EA93CB9572}"
EndProject
Global
	GlobalSection(SolutionConfigurationPlatforms) = preSolution
		Debug|Any CPU = Debug|Any CPU
		Release|Any CPU = Release|Any CPU
	EndGlobalSection
	GlobalSection(ProjectConfigurationPlatforms) = postSolution
		{933856AD-ADB4-EBCC-CAC7-AA21E64ACD7D}.Debug|Any CPU.ActiveCfg = Debug|Any CPU
		{933856AD-ADB4-EBCC-CAC7-AA21E64ACD7D}.Debug|Any CPU.Build.0 = Debug|Any CPU
		{933856AD-ADB4-EBCC-CAC7-AA21E64ACD7D}.Release|Any CPU.ActiveCfg = Release|Any CPU
		{933856AD-ADB4-EBCC-CAC7-AA21E64ACD7D}.Release|Any CPU.Build.0 = Release|Any CPU
		{D2542335-797D-9C94-47C1-11EA93CB9572}.Debug|Any CPU.ActiveCfg = Debug|Any CPU
		{D2542335-797D-9C94-47C1-11EA93CB9572}.Debug|Any CPU.Build.0 = Debug|Any CPU
		{D2542335-797D-9C94-47C1-11EA93CB9572}.Release|Any CPU.ActiveCfg = Release|Any CPU
		{D2542335-797D-9C94-47C1-11EA93CB9572}.Release|Any CPU.Build.0 = Release|Any CPU
	EndGlobalSection
	GlobalSection(SolutionProperties) = preSolution
		HideSolutionNode = FALSE
	EndGlobalSection
	GlobalSection(MonoDevelopProperties) = preSolution
		StartupItem = Assembly-CSharp.csproj
	EndGlobalSection
EndGlobal
